
Microsoft Visual Studio Solution File, Format Version 12.00
# Visual Studio Version 16
VisualStudioVersion = 16.0.31129.286
MinimumVisualStudioVersion = 10.0.40219.1
Project("{2150E333-8FDC-42A3-9474-1A3956D46DE8}") = "1 - Unit Tests", "1 - Unit Tests", "{2FD5505E-8A01-4A58-8DF5-C374384BA90B}"
EndProject
Project("{2150E333-8FDC-42A3-9474-1A3956D46DE8}") = "1.1 - Basic Tests", "1.1 - Basic Tests", "{CA79539C-1610-403C-83F0-D24D63AA1A95}"
EndProject
Project("{9A19103F-16F7-4668-BE54-9A1E7A4F7556}") = "Demo", "Demo\Demo.csproj", "{FD6C9C2C-EDA3-47BD-BCAD-39D3D267C5B3}"
EndProject
Project("{9A19103F-16F7-4668-BE54-9A1E7A4F7556}") = "Demo.Tests", "Demo.Tests\Demo.Tests.csproj", "{7BF45B03-9C75-46FE-89AF-7B9E97BA824D}"
EndProject
Project("{2150E333-8FDC-42A3-9474-1A3956D46DE8}") = "2.2 - Features", "2.2 - Features", "{368FE928-2F38-4DA7-BC5F-B80241968DBA}"
EndProject
Project("{FAE04EC0-301F-11D3-BF4B-00C04F79EFBC}") = "Features", "Features\Features.csproj", "{B99BD039-D09C-4036-9E96-714151060735}"
EndProject
Project("{FAE04EC0-301F-11D3-BF4B-00C04F79EFBC}") = "Features.Tests", "Features.Tests\Features.Tests.csproj", "{72A7ACFD-3E91-42CF-8D0A-6C59FDF9BD87}"
EndProject
Global
	GlobalSection(SolutionConfigurationPlatforms) = preSolution
		Debug|Any CPU = Debug|Any CPU
		Release|Any CPU = Release|Any CPU
	EndGlobalSection
	GlobalSection(ProjectConfigurationPlatforms) = postSolution
		{FD6C9C2C-EDA3-47BD-BCAD-39D3D267C5B3}.Debug|Any CPU.ActiveCfg = Debug|Any CPU
		{FD6C9C2C-EDA3-47BD-BCAD-39D3D267C5B3}.Debug|Any CPU.Build.0 = Debug|Any CPU
		{FD6C9C2C-EDA3-47BD-BCAD-39D3D267C5B3}.Release|Any CPU.ActiveCfg = Release|Any CPU
		{FD6C9C2C-EDA3-47BD-BCAD-39D3D267C5B3}.Release|Any CPU.Build.0 = Release|Any CPU
		{7BF45B03-9C75-46FE-89AF-7B9E97BA824D}.Debug|Any CPU.ActiveCfg = Debug|Any CPU
		{7BF45B03-9C75-46FE-89AF-7B9E97BA824D}.Debug|Any CPU.Build.0 = Debug|Any CPU
		{7BF45B03-9C75-46FE-89AF-7B9E97BA824D}.Release|Any CPU.ActiveCfg = Release|Any CPU
		{7BF45B03-9C75-46FE-89AF-7B9E97BA824D}.Release|Any CPU.Build.0 = Release|Any CPU
		{B99BD039-D09C-4036-9E96-714151060735}.Debug|Any CPU.ActiveCfg = Debug|Any CPU
		{B99BD039-D09C-4036-9E96-714151060735}.Debug|Any CPU.Build.0 = Debug|Any CPU
		{B99BD039-D09C-4036-9E96-714151060735}.Release|Any CPU.ActiveCfg = Release|Any CPU
		{B99BD039-D09C-4036-9E96-714151060735}.Release|Any CPU.Build.0 = Release|Any CPU
		{72A7ACFD-3E91-42CF-8D0A-6C59FDF9BD87}.Debug|Any CPU.ActiveCfg = Debug|Any CPU
		{72A7ACFD-3E91-42CF-8D0A-6C59FDF9BD87}.Debug|Any CPU.Build.0 = Debug|Any CPU
		{72A7ACFD-3E91-42CF-8D0A-6C59FDF9BD87}.Release|Any CPU.ActiveCfg = Release|Any CPU
		{72A7ACFD-3E91-42CF-8D0A-6C59FDF9BD87}.Release|Any CPU.Build.0 = Release|Any CPU
	EndGlobalSection
	GlobalSection(SolutionProperties) = preSolution
		HideSolutionNode = FALSE
	EndGlobalSection
	GlobalSection(NestedProjects) = preSolution
		{CA79539C-1610-403C-83F0-D24D63AA1A95} = {2FD5505E-8A01-4A58-8DF5-C374384BA90B}
		{FD6C9C2C-EDA3-47BD-BCAD-39D3D267C5B3} = {CA79539C-1610-403C-83F0-D24D63AA1A95}
		{7BF45B03-9C75-46FE-89AF-7B9E97BA824D} = {CA79539C-1610-403C-83F0-D24D63AA1A95}
		{368FE928-2F38-4DA7-BC5F-B80241968DBA} = {2FD5505E-8A01-4A58-8DF5-C374384BA90B}
		{B99BD039-D09C-4036-9E96-714151060735} = {368FE928-2F38-4DA7-BC5F-B80241968DBA}
		{72A7ACFD-3E91-42CF-8D0A-6C59FDF9BD87} = {368FE928-2F38-4DA7-BC5F-B80241968DBA}
	EndGlobalSection
	GlobalSection(ExtensibilityGlobals) = postSolution
		SolutionGuid = {D16A4A82-DAEC-4696-9511-F3FB1CE3D69D}
	EndGlobalSection
EndGlobal
